
Microsoft Visual Studio Solution File, Format Version 12.00
# Visual Studio Version 17
VisualStudioVersion = 17.9.34728.123
MinimumVisualStudioVersion = 10.0.40219.1
Project("{FAE04EC0-301F-11D3-BF4B-00C04F79EFBC}") = "WinFormsApp1", "WinFormsApp1.csproj", "{76670635-FF26-4844-8907-0F019DDFD948}"
EndProject
Global
	GlobalSection(SolutionConfigurationPlatforms) = preSolution
		Debug|Any CPU = Debug|Any CPU
		Release|Any CPU = Release|Any CPU
	EndGlobalSection
	GlobalSection(ProjectConfigurationPlatforms) = postSolution
		{76670635-FF26-4844-8907-0F019DDFD948}.Debug|Any CPU.ActiveCfg = Debug|Any CPU
		{76670635-FF26-4844-8907-0F019DDFD948}.Debug|Any CPU.Build.0 = Debug|Any CPU
		{76670635-FF26-4844-8907-0F019DDFD948}.Release|Any CPU.ActiveCfg = Release|Any CPU
		{76670635-FF26-4844-8907-0F019DDFD948}.Release|Any CPU.Build.0 = Release|Any CPU
	EndGlobalSection
	GlobalSection(SolutionProperties) = preSolution
		HideSolutionNode = FALSE
	EndGlobalSection
	GlobalSection(ExtensibilityGlobals) = postSolution
		SolutionGuid = {E181E3D2-837A-4B59-AD9B-ADC1E8BFBC4F}
	EndGlobalSection
EndGlobal
